Microsoft Visual Studio Solution File, Format Version 12.00
# Visual Studio Express 2013 for Windows Desktop
VisualStudioVersion = 12.0.21005.1
MinimumVisualStudioVersion = 10.0.40219.1
Project("{8BC9CEB8-8B4A-11D0-8D11-00A0C91BC942}") = "mix", "mix.vcxproj", "{075AD568-26A6-4C0F-9D78-60E6BA2FD7CC}"
EndProject
Project("{8BC9CEB8-8B4A-11D0-8D11-00A0C91BC942}") = "mixlib", "mixlib.vcxproj", "{BE1E2A5D-7460-4F06-AEEB-9443B1EE1844}"
EndProject
Project("{8BC9CEB8-8B4A-11D0-8D11-00A0C91BC942}") = "pcre", "Pcre.vcxproj", "{FC9B2030-6750-4272-87C9-6E46AB029F69}"
EndProject
Project("{8BC9CEB8-8B4A-11D0-8D11-00A0C91BC942}") = "pcre_chartables", "Pcre_Chartables.vcxproj", "{63F7F010-3302-4329-A9AC-9739FC57EC51}"
EndProject
Project("{8BC9CEB8-8B4A-11D0-8D11-00A0C91BC942}") = "zlib", "zlib.vcxproj", "{6A9ECAB3-1CA6-4E2A-8A15-F8AE459BB174}"
EndProject
Project("{8BC9CEB8-8B4A-11D0-8D11-00A0C91BC942}") = "pdcurses", "pdcurses.vcxproj", "{F587947F-949D-4AD6-A527-3A34918741B5}"
EndProject
Global
	GlobalSection(SolutionConfigurationPlatforms) = preSolution
		Debug|Win32 = Debug|Win32
		Release Static|Win32 = Release Static|Win32
		Release|Win32 = Release|Win32
	EndGlobalSection
	GlobalSection(ProjectConfigurationPlatforms) = postSolution
		{075AD568-26A6-4C0F-9D78-60E6BA2FD7CC}.Debug|Win32.ActiveCfg = Release Static|Win32
		{075AD568-26A6-4C0F-9D78-60E6BA2FD7CC}.Debug|Win32.Build.0 = Release Static|Win32
		{075AD568-26A6-4C0F-9D78-60E6BA2FD7CC}.Release Static|Win32.ActiveCfg = Release Static|Win32
		{075AD568-26A6-4C0F-9D78-60E6BA2FD7CC}.Release Static|Win32.Build.0 = Release Static|Win32
		{075AD568-26A6-4C0F-9D78-60E6BA2FD7CC}.Release|Win32.ActiveCfg = Release|Win32
		{075AD568-26A6-4C0F-9D78-60E6BA2FD7CC}.Release|Win32.Build.0 = Release|Win32
		{BE1E2A5D-7460-4F06-AEEB-9443B1EE1844}.Debug|Win32.ActiveCfg = Release|Win32
		{BE1E2A5D-7460-4F06-AEEB-9443B1EE1844}.Debug|Win32.Build.0 = Release|Win32
		{BE1E2A5D-7460-4F06-AEEB-9443B1EE1844}.Release Static|Win32.ActiveCfg = Release|Win32
		{BE1E2A5D-7460-4F06-AEEB-9443B1EE1844}.Release Static|Win32.Build.0 = Release|Win32
		{BE1E2A5D-7460-4F06-AEEB-9443B1EE1844}.Release|Win32.ActiveCfg = Release|Win32
		{BE1E2A5D-7460-4F06-AEEB-9443B1EE1844}.Release|Win32.Build.0 = Release|Win32
		{FC9B2030-6750-4272-87C9-6E46AB029F69}.Debug|Win32.ActiveCfg = Release|Win32
		{FC9B2030-6750-4272-87C9-6E46AB029F69}.Debug|Win32.Build.0 = Release|Win32
		{FC9B2030-6750-4272-87C9-6E46AB029F69}.Release Static|Win32.ActiveCfg = Release|Win32
		{FC9B2030-6750-4272-87C9-6E46AB029F69}.Release Static|Win32.Build.0 = Release|Win32
		{FC9B2030-6750-4272-87C9-6E46AB029F69}.Release|Win32.ActiveCfg = Release|Win32
		{FC9B2030-6750-4272-87C9-6E46AB029F69}.Release|Win32.Build.0 = Release|Win32
		{63F7F010-3302-4329-A9AC-9739FC57EC51}.Debug|Win32.ActiveCfg = Release|Win32
		{63F7F010-3302-4329-A9AC-9739FC57EC51}.Debug|Win32.Build.0 = Release|Win32
		{63F7F010-3302-4329-A9AC-9739FC57EC51}.Release Static|Win32.ActiveCfg = Release|Win32
		{63F7F010-3302-4329-A9AC-9739FC57EC51}.Release Static|Win32.Build.0 = Release|Win32
		{63F7F010-3302-4329-A9AC-9739FC57EC51}.Release|Win32.ActiveCfg = Release|Win32
		{63F7F010-3302-4329-A9AC-9739FC57EC51}.Release|Win32.Build.0 = Release|Win32
		{6A9ECAB3-1CA6-4E2A-8A15-F8AE459BB174}.Debug|Win32.ActiveCfg = Release|Win32
		{6A9ECAB3-1CA6-4E2A-8A15-F8AE459BB174}.Debug|Win32.Build.0 = Release|Win32
		{6A9ECAB3-1CA6-4E2A-8A15-F8AE459BB174}.Release Static|Win32.ActiveCfg = Release|Win32
		{6A9ECAB3-1CA6-4E2A-8A15-F8AE459BB174}.Release Static|Win32.Build.0 = Release|Win32
		{6A9ECAB3-1CA6-4E2A-8A15-F8AE459BB174}.Release|Win32.ActiveCfg = Release|Win32
		{6A9ECAB3-1CA6-4E2A-8A15-F8AE459BB174}.Release|Win32.Build.0 = Release|Win32
		{F587947F-949D-4AD6-A527-3A34918741B5}.Debug|Win32.ActiveCfg = Release|Win32
		{F587947F-949D-4AD6-A527-3A34918741B5}.Debug|Win32.Build.0 = Release|Win32
		{F587947F-949D-4AD6-A527-3A34918741B5}.Release Static|Win32.ActiveCfg = Release|Win32
		{F587947F-949D-4AD6-A527-3A34918741B5}.Release Static|Win32.Build.0 = Release|Win32
		{F587947F-949D-4AD6-A527-3A34918741B5}.Release|Win32.ActiveCfg = Release|Win32
		{F587947F-949D-4AD6-A527-3A34918741B5}.Release|Win32.Build.0 = Release|Win32
	EndGlobalSection
	GlobalSection(SolutionProperties) = preSolution
		HideSolutionNode = FALSE
	EndGlobalSection
EndGlobal
